# THIS IS AN AUTOGENERATED FILE. DO NOT EDIT THIS FILE DIRECTLY.
# yarn lockfile v1


"@actions/core@^1.2.0":
  version "1.2.3"
  resolved "https://registry.yarnpkg.com/@actions/core/-/core-1.2.3.tgz#e844b4fa0820e206075445079130868f95bfca95"
  integrity sha512-Wp4xnyokakM45Uuj4WLUxdsa8fJjKVl1fDTsPbTEcTcuu0Nb26IPQbOtjmnfaCPGcaoPOOqId8H9NapZ8gii4w==

"@types/eslint@^6.1.8":
  version "6.1.8"
  resolved "https://registry.yarnpkg.com/@types/eslint/-/eslint-6.1.8.tgz#7e868f89bc1e520323d405940e49cb912ede5bba"
  integrity sha512-CJBhm9pYdUS8cFVbXACWlLxZWFBTQMiM0eI6RYxng3u9oQ9gHdQ5PN89DHPrK4RISRzX62nRsteUlbBgEIdSug==
  dependencies:
    "@types/estree" "*"
    "@types/json-schema" "*"

"@types/estree@*":
  version "0.0.42"
  resolved "https://registry.yarnpkg.com/@types/estree/-/estree-0.0.42.tgz#8d0c1f480339efedb3e46070e22dd63e0430dd11"
  integrity sha512-K1DPVvnBCPxzD+G51/cxVIoc2X8uUVl1zpJeE6iKcgHMj4+tbat5Xu4TjV7v2QSDbIeAfLi2hIk+u2+s0MlpUQ==

"@types/json-schema@*":
  version "7.0.4"
  resolved "https://registry.yarnpkg.com/@types/json-schema/-/json-schema-7.0.4.tgz#38fd73ddfd9b55abb1e1b2ed578cb55bd7b7d339"
  integrity sha512-8+KAKzEvSUdeo+kmqnKrqgeE+LcA0tjYWFY7RPProVYwnqDjukzO+3b6dLD56rYX5TdWejnEOLJYOIeh4CXKuA==

"@types/node@^12.12.8":
  version "12.12.30"
  resolved "https://registry.yarnpkg.com/@types/node/-/node-12.12.30.tgz#3501e6f09b954de9c404671cefdbcc5d9d7c45f6"
  integrity sha512-sz9MF/zk6qVr3pAnM0BSQvYIBK44tS75QC5N+VbWSE4DjCV/pJ+UzCW/F+vVnl7TkOPcuwQureKNtSSwjBTaMg==

typescript@^3.7.2:
  version "3.8.3"
  resolved "https://registry.yarnpkg.com/typescript/-/typescript-3.8.3.tgz#409eb8544ea0335711205869ec458ab109ee1061"
  integrity sha512-MYlEfn5VrLNsgudQTVJeNaQFUAI7DkhnOjdpAp4T+ku1TfQClewlbSuTVHiA+8skNBgaf02TL/kLOvig4y3G8w==
